{
  "lockfile-version": 1,
  "manifest": {
    "schema-version": "1.14.0",
    "install": {
      "nodejs_24": {
        "pkg-path": "nodejs_24"
      },
      "nodemon": {
        "pkg-path": "nodemon"
      },
      "typescript": {
        "pkg-path": "typescript"
      }
    },
    "hook": {},
    "profile": {},
    "options": {}
  },
  "packages": [
    {
      "attr_path": "nodejs_24",
      "broken": false,
      "derivation": "/nix/store/xva0xdjz64fq41pxvk7jxb08wi4hps3x-nodejs-24.18.1.drv",
      "description": "Event-driven I/O framework for the V8 JavaScript engine",
      "install_id": "nodejs_24",
      "license": "MIT",
      "locked_url": "https://github.com/flox/nixpkgs?rev=2fcb964de67fcf60b43471c55d5d99e61a9ccb5a",
      "name": "nodejs-24.18.1",
      "pname": "nodejs_24",
      "rev": "2fcb964de67fcf60b43471c55d5d99e61a9ccb5a",
      "rev_count": 1051473,
      "rev_date": "2026-08-10T17:52:38Z",
      "scrape_date": "2026-08-12T05:00:52.471908Z",
      "stabilities": [
        "unstable"
      ],
      "unfree": false,
      "version": "24.18.1",
      "outputs_to_install": [
        "out"
      ],
      "outputs": {
        "out": "/nix/store/4hl5crqayhix48i7wm0rj6fp6j1367r2-nodejs-24.18.1"
      },
      "system": "aarch64-darwin",
      "group": "toplevel",
      "priority": 5
    },
    {
      "attr_path": "nodejs_24",
      "broken": false,
      "derivation": "/nix/store/5bivsry1xsf488jl54x4qpn87zxf9laa-nodejs-24.18.1.drv",
      "description": "Event-driven I/O framework for the V8 JavaScript engine",
      "install_id": "nodejs_24",
      "license": "MIT",
      "locked_url": "https://github.com/flox/nixpkgs?rev=2fcb964de67fcf60b43471c55d5d99e61a9ccb5a",
      "name": "nodejs-24.18.1",
      "pname": "nodejs_24",
      "rev": "2fcb964de67fcf60b43471c55d5d99e61a9ccb5a",
      "rev_count": 1051473,
      "rev_date": "2026-08-10T17:52:38Z",
      "scrape_date": "2026-08-12T05:35:13.467184Z",
      "stabilities": [
        "unstable"
      ],
      "unfree": false,
      "version": "24.18.1",
      "outputs_to_install": [
        "out"
      ],
      "outputs": {
        "out": "/nix/store/5q4il3ap8r0mm4lib12ahldpilw41yxf-nodejs-24.18.1"
      },
      "system": "aarch64-linux",
      "group": "toplevel",
      "priority": 5
    },
    {
      "attr_path": "nodejs_24",
      "broken": false,
      "derivation": "/nix/store/lqg7vihx3rjim9dm8lgbsl619spxvh9n-nodejs-24.18.1.drv",
      "description": "Event-driven I/O framework for the V8 JavaScript engine",
      "install_id": "nodejs_24",
      "license": "MIT",
      "locked_url": "https://github.com/flox/nixpkgs?rev=2fcb964de67fcf60b43471c55d5d99e61a9ccb5a",
      "name": "nodejs-24.18.1",
      "pname": "nodejs_24",
      "rev": "2fcb964de67fcf60b43471c55d5d99e61a9ccb5a",
      "rev_count": 1051473,
      "rev_date": "2026-08-10T17:52:38Z",
      "scrape_date": "2026-08-12T06:15:37.737693Z",
      "stabilities": [
        "unstable"
      ],
      "unfree": false,
      "version": "24.18.1",
      "outputs_to_install": [
        "out"
      ],
      "outputs": {
        "out": "/nix/store/hwjfj8m2kcsl7kz2xa5yf84jbfh9jssf-nodejs-24.18.1"
      },
      "system": "x86_64-linux",
      "group": "toplevel",
      "priority": 5
    },
    {
      "attr_path": "nodemon",
      "broken": false,
      "derivation": "/nix/store/cjdhba67r3sb42y8m1924ls2y4f0xd2f-nodemon-3.1.14.drv",
      "description": "Simple monitor script for use during development of a Node.js app",
      "install_id": "nodemon",
      "license": "MIT",
      "locked_url": "https://github.com/flox/nixpkgs?rev=2fcb964de67fcf60b43471c55d5d99e61a9ccb5a",
      "name": "nodemon-3.1.14",
      "pname": "nodemon",
      "rev": "2fcb964de67fcf60b43471c55d5d99e61a9ccb5a",
      "rev_count": 1051473,
      "rev_date": "2026-08-10T17:52:38Z",
      "scrape_date": "2026-08-12T05:00:52.476086Z",
      "stabilities": [
        "unstable"
      ],
      "unfree": false,
      "version": "3.1.14",
      "outputs_to_install": [
        "out"
      ],
      "outputs": {
        "out": "/nix/store/alq36csb9znl757m5lsrgpfm91qv915c-nodemon-3.1.14"
      },
      "system": "aarch64-darwin",
      "group": "toplevel",
      "priority": 5
    },
    {
      "attr_path": "nodemon",
      "broken": false,
      "derivation": "/nix/store/r5vwvb3ff068a0k25vvbcjffpxap8did-nodemon-3.1.14.drv",
      "description": "Simple monitor script for use during development of a Node.js app",
      "install_id": "nodemon",
      "license": "MIT",
      "locked_url": "https://github.com/flox/nixpkgs?rev=2fcb964de67fcf60b43471c55d5d99e61a9ccb5a",
      "name": "nodemon-3.1.14",
      "pname": "nodemon",
      "rev": "2fcb964de67fcf60b43471c55d5d99e61a9ccb5a",
      "rev_count": 1051473,
      "rev_date": "2026-08-10T17:52:38Z",
      "scrape_date": "2026-08-12T05:35:13.472204Z",
      "stabilities": [
        "unstable"
      ],
      "unfree": false,
      "version": "3.1.14",
      "outputs_to_install": [
        "out"
      ],
      "outputs": {
        "out": "/nix/store/125w1r5lkz0flgj77spdr6j3i688kyi0-nodemon-3.1.14"
      },
      "system": "aarch64-linux",
      "group": "toplevel",
      "priority": 5
    },
    {
      "attr_path": "nodemon",
      "broken": false,
      "derivation": "/nix/store/ys69sgds52lsr9vwcmvajv10i2x79dfv-nodemon-3.1.14.drv",
      "description": "Simple monitor script for use during development of a Node.js app",
      "install_id": "nodemon",
      "license": "MIT",
      "locked_url": "https://github.com/flox/nixpkgs?rev=2fcb964de67fcf60b43471c55d5d99e61a9ccb5a",
      "name": "nodemon-3.1.14",
      "pname": "nodemon",
      "rev": "2fcb964de67fcf60b43471c55d5d99e61a9ccb5a",
      "rev_count": 1051473,
      "rev_date": "2026-08-10T17:52:38Z",
      "scrape_date": "2026-08-12T06:15:37.743209Z",
      "stabilities": [
        "unstable"
      ],
      "unfree": false,
      "version": "3.1.14",
      "outputs_to_install": [
        "out"
      ],
      "outputs": {
        "out": "/nix/store/v1fpzb4ad02y2mn7yq6b6n5iksianh74-nodemon-3.1.14"
      },
      "system": "x86_64-linux",
      "group": "toplevel",
      "priority": 5
    },
    {
      "attr_path": "typescript",
      "broken": false,
      "derivation": "/nix/store/hnw2phz0rqahqj5c28xg8ajx9qp1lcxf-typescript-5.9.3.drv",
      "description": "Superset of JavaScript that compiles to clean JavaScript output",
      "install_id": "typescript",
      "license": "Apache-2.0",
      "locked_url": "https://github.com/flox/nixpkgs?rev=2fcb964de67fcf60b43471c55d5d99e61a9ccb5a",
      "name": "typescript-5.9.3",
      "pname": "typescript",
      "rev": "2fcb964de67fcf60b43471c55d5d99e61a9ccb5a",
      "rev_count": 1051473,
      "rev_date": "2026-08-10T17:52:38Z",
      "scrape_date": "2026-08-12T05:02:49.054727Z",
      "stabilities": [
        "unstable"
      ],
      "unfree": false,
      "version": "5.9.3",
      "outputs_to_install": [
        "out"
      ],
      "outputs": {
        "out": "/nix/store/32w6k7w2vrz9jbk7zyhs0mnc8wz0jqb6-typescript-5.9.3"
      },
      "system": "aarch64-darwin",
      "group": "toplevel",
      "priority": 5
    },
    {
      "attr_path": "typescript",
      "broken": false,
      "derivation": "/nix/store/fh9mp9dsdfmwx20rcfw4wqff64apyi1g-typescript-5.9.3.drv",
      "description": "Superset of JavaScript that compiles to clean JavaScript output",
      "install_id": "typescript",
      "license": "Apache-2.0",
      "locked_url": "https://github.com/flox/nixpkgs?rev=2fcb964de67fcf60b43471c55d5d99e61a9ccb5a",
      "name": "typescript-5.9.3",
      "pname": "typescript",
      "rev": "2fcb964de67fcf60b43471c55d5d99e61a9ccb5a",
      "rev_count": 1051473,
      "rev_date": "2026-08-10T17:52:38Z",
      "scrape_date": "2026-08-12T05:37:39.664381Z",
      "stabilities": [
        "unstable"
      ],
      "unfree": false,
      "version": "5.9.3",
      "outputs_to_install": [
        "out"
      ],
      "outputs": {
        "out": "/nix/store/hswfbbrd48wvfcl2878snw8a7wcchg7n-typescript-5.9.3"
      },
      "system": "aarch64-linux",
      "group": "toplevel",
      "priority": 5
    },
    {
      "attr_path": "typescript",
      "broken": false,
      "derivation": "/nix/store/8lxr20248mlx4qidni2yg25y27kggnq0-typescript-5.9.3.drv",
      "description": "Superset of JavaScript that compiles to clean JavaScript output",
      "install_id": "typescript",
      "license": "Apache-2.0",
      "locked_url": "https://github.com/flox/nixpkgs?rev=2fcb964de67fcf60b43471c55d5d99e61a9ccb5a",
      "name": "typescript-5.9.3",
      "pname": "typescript",
      "rev": "2fcb964de67fcf60b43471c55d5d99e61a9ccb5a",
      "rev_count": 1051473,
      "rev_date": "2026-08-10T17:52:38Z",
      "scrape_date": "2026-08-12T06:18:08.717355Z",
      "stabilities": [
        "unstable"
      ],
      "unfree": false,
      "version": "5.9.3",
      "outputs_to_install": [
        "out"
      ],
      "outputs": {
        "out": "/nix/store/95dilk5yr55wyffr8jwd3sjf2bv11iah-typescript-5.9.3"
      },
      "system": "x86_64-linux",
      "group": "toplevel",
      "priority": 5
    }
  ]
}
